
Microsoft Visual Studio Solution File, Format Version 12.00
# Visual Studio Version 17
VisualStudioVersion = 17.8.34330.188
MinimumVisualStudioVersion = 10.0.40219.1
Project("{9A19103F-16F7-4668-BE54-9A1E7A4F7556}") = "GameOfLife", "GameOfLife\GameOfLife.csproj", "{143A7E32-7336-473E-941D-FF8FACC3FFFD}"
EndProject
Project("{FAE04EC0-301F-11D3-BF4B-00C04F79EFBC}") = "GameOfLifeTests", "GameOfLifeTests\GameOfLifeTests.csproj", "{F82D6724-8078-4292-BD83-8EC904C2F64B}"
EndProject
Global
	GlobalSection(SolutionConfigurationPlatforms) = preSolution
		Debug|Any CPU = Debug|Any CPU
		Release|Any CPU = Release|Any CPU
	EndGlobalSection
	GlobalSection(ProjectConfigurationPlatforms) = postSolution
		{143A7E32-7336-473E-941D-FF8FACC3FFFD}.Debug|Any CPU.ActiveCfg = Debug|Any CPU
		{143A7E32-7336-473E-941D-FF8FACC3FFFD}.Debug|Any CPU.Build.0 = Debug|Any CPU
		{143A7E32-7336-473E-941D-FF8FACC3FFFD}.Release|Any CPU.ActiveCfg = Release|Any CPU
		{143A7E32-7336-473E-941D-FF8FACC3FFFD}.Release|Any CPU.Build.0 = Release|Any CPU
		{F82D6724-8078-4292-BD83-8EC904C2F64B}.Debug|Any CPU.ActiveCfg = Debug|Any CPU
		{F82D6724-8078-4292-BD83-8EC904C2F64B}.Debug|Any CPU.Build.0 = Debug|Any CPU
		{F82D6724-8078-4292-BD83-8EC904C2F64B}.Release|Any CPU.ActiveCfg = Release|Any CPU
		{F82D6724-8078-4292-BD83-8EC904C2F64B}.Release|Any CPU.Build.0 = Release|Any CPU
	EndGlobalSection
	GlobalSection(SolutionProperties) = preSolution
		HideSolutionNode = FALSE
	EndGlobalSection
	GlobalSection(ExtensibilityGlobals) = postSolution
		SolutionGuid = {A95687B1-9E4E-463C-9856-5DA298DE0060}
	EndGlobalSection
EndGlobal
